
Microsoft Visual Studio Solution File, Format Version 12.00
# Visual Studio Version 17
VisualStudioVersion = 17.4.33110.190
MinimumVisualStudioVersion = 15.0.26124.0
Project("{9A19103F-16F7-4668-BE54-9A1E7A4F7556}") = "BlitzkriegSoftware.Pacing.Library", "BlitzkriegSoftware.Pacing.Library\BlitzkriegSoftware.Pacing.Library.csproj", "{1461D120-D3E2-4B0E-BD17-D17519081DE1}"
EndProject
Project("{9A19103F-16F7-4668-BE54-9A1E7A4F7556}") = "BlitzkriegSoftware.Pacing.Library.Test", "BlitzkriegSoftware.Pacing.Library.Test\BlitzkriegSoftware.Pacing.Library.Test.csproj", "{171C9F17-CB8D-44C7-BE5E-69B458A76CE7}"
EndProject
Project("{2150E333-8FDC-42A3-9474-1A3956D46DE8}") = "Solution Items", "Solution Items", "{9B51DD07-A36C-4820-856B-0BF922EC40D3}"
	ProjectSection(SolutionItems) = preProject
		LICENSE = LICENSE
		README.md = README.md
	EndProjectSection
EndProject
Project("{2150E333-8FDC-42A3-9474-1A3956D46DE8}") = "scripts", "scripts", "{258AA421-0BCF-48E2-B852-B069076579D1}"
	ProjectSection(SolutionItems) = preProject
		scripts\docker_redis_start.sh = scripts\docker_redis_start.sh
		scripts\docker_redis_stop.sh = scripts\docker_redis_stop.sh
		scripts\Redis-Start.ps1 = scripts\Redis-Start.ps1
		scripts\Redis-Stop.ps1 = scripts\Redis-Stop.ps1
	EndProjectSection
EndProject
Global
	GlobalSection(SolutionConfigurationPlatforms) = preSolution
		Debug|Any CPU = Debug|Any CPU
		Debug|x64 = Debug|x64
		Debug|x86 = Debug|x86
		Release|Any CPU = Release|Any CPU
		Release|x64 = Release|x64
		Release|x86 = Release|x86
	EndGlobalSection
	GlobalSection(ProjectConfigurationPlatforms) = postSolution
		{1461D120-D3E2-4B0E-BD17-D17519081DE1}.Debug|Any CPU.ActiveCfg = Debug|Any CPU
		{1461D120-D3E2-4B0E-BD17-D17519081DE1}.Debug|Any CPU.Build.0 = Debug|Any CPU
		{1461D120-D3E2-4B0E-BD17-D17519081DE1}.Debug|x64.ActiveCfg = Debug|Any CPU
		{1461D120-D3E2-4B0E-BD17-D17519081DE1}.Debug|x64.Build.0 = Debug|Any CPU
		{1461D120-D3E2-4B0E-BD17-D17519081DE1}.Debug|x86.ActiveCfg = Debug|Any CPU
		{1461D120-D3E2-4B0E-BD17-D17519081DE1}.Debug|x86.Build.0 = Debug|Any CPU
		{1461D120-D3E2-4B0E-BD17-D17519081DE1}.Release|Any CPU.ActiveCfg = Release|Any CPU
		{1461D120-D3E2-4B0E-BD17-D17519081DE1}.Release|Any CPU.Build.0 = Release|Any CPU
		{1461D120-D3E2-4B0E-BD17-D17519081DE1}.Release|x64.ActiveCfg = Release|Any CPU
		{1461D120-D3E2-4B0E-BD17-D17519081DE1}.Release|x64.Build.0 = Release|Any CPU
		{1461D120-D3E2-4B0E-BD17-D17519081DE1}.Release|x86.ActiveCfg = Release|Any CPU
		{1461D120-D3E2-4B0E-BD17-D17519081DE1}.Release|x86.Build.0 = Release|Any CPU
		{171C9F17-CB8D-44C7-BE5E-69B458A76CE7}.Debug|Any CPU.ActiveCfg = Debug|Any CPU
		{171C9F17-CB8D-44C7-BE5E-69B458A76CE7}.Debug|Any CPU.Build.0 = Debug|Any CPU
		{171C9F17-CB8D-44C7-BE5E-69B458A76CE7}.Debug|x64.ActiveCfg = Debug|Any CPU
		{171C9F17-CB8D-44C7-BE5E-69B458A76CE7}.Debug|x64.Build.0 = Debug|Any CPU
		{171C9F17-CB8D-44C7-BE5E-69B458A76CE7}.Debug|x86.ActiveCfg = Debug|Any CPU
		{171C9F17-CB8D-44C7-BE5E-69B458A76CE7}.Debug|x86.Build.0 = Debug|Any CPU
		{171C9F17-CB8D-44C7-BE5E-69B458A76CE7}.Release|Any CPU.ActiveCfg = Release|Any CPU
		{171C9F17-CB8D-44C7-BE5E-69B458A76CE7}.Release|Any CPU.Build.0 = Release|Any CPU
		{171C9F17-CB8D-44C7-BE5E-69B458A76CE7}.Release|x64.ActiveCfg = Release|Any CPU
		{171C9F17-CB8D-44C7-BE5E-69B458A76CE7}.Release|x64.Build.0 = Release|Any CPU
		{171C9F17-CB8D-44C7-BE5E-69B458A76CE7}.Release|x86.ActiveCfg = Release|Any CPU
		{171C9F17-CB8D-44C7-BE5E-69B458A76CE7}.Release|x86.Build.0 = Release|Any CPU
	EndGlobalSection
	GlobalSection(SolutionProperties) = preSolution
		HideSolutionNode = FALSE
	EndGlobalSection
	GlobalSection(ExtensibilityGlobals) = postSolution
		SolutionGuid = {0ABA575D-2916-4EAB-889B-FB13196EDC59}
	EndGlobalSection
EndGlobal
